
Microsoft Visual Studio Solution File, Format Version 12.00
# Visual Studio Version 17
VisualStudioVersion = 17.3.32901.215
MinimumVisualStudioVersion = 10.0.40219.1
Project("{FAE04EC0-301F-11D3-BF4B-00C04F79EFBC}") = "ögrenci indirimi", "ögrenci indirimi\ögrenci indirimi.csproj", "{D31997C6-4E9B-4931-9B34-51EFC744765C}"
EndProject
Global
	GlobalSection(SolutionConfigurationPlatforms) = preSolution
		Debug|Any CPU = Debug|Any CPU
		Release|Any CPU = Release|Any CPU
	EndGlobalSection
	GlobalSection(ProjectConfigurationPlatforms) = postSolution
		{D31997C6-4E9B-4931-9B34-51EFC744765C}.Debug|Any CPU.ActiveCfg = Debug|Any CPU
		{D31997C6-4E9B-4931-9B34-51EFC744765C}.Debug|Any CPU.Build.0 = Debug|Any CPU
		{D31997C6-4E9B-4931-9B34-51EFC744765C}.Release|Any CPU.ActiveCfg = Release|Any CPU
		{D31997C6-4E9B-4931-9B34-51EFC744765C}.Release|Any CPU.Build.0 = Release|Any CPU
	EndGlobalSection
	GlobalSection(SolutionProperties) = preSolution
		HideSolutionNode = FALSE
	EndGlobalSection
	GlobalSection(ExtensibilityGlobals) = postSolution
		SolutionGuid = {0F488813-5C06-4818-AE10-1ABF959E9837}
	EndGlobalSection
EndGlobal
